
Microsoft Visual Studio Solution File, Format Version 12.00
# Visual Studio Version 17
VisualStudioVersion = 17.8.34309.116
MinimumVisualStudioVersion = 10.0.40219.1
Project("{FAE04EC0-301F-11D3-BF4B-00C04F79EFBC}") = "FolderDelete", "FolderDelete\FolderDelete.csproj", "{C04E9866-CF89-4E29-AC3A-A22AC693F8DD}"
EndProject
Project("{2150E333-8FDC-42A3-9474-1A3956D46DE8}") = "Tests", "Tests", "{B761824D-1510-4E17-A51C-41F6DD7EF9CF}"
EndProject
Project("{FAE04EC0-301F-11D3-BF4B-00C04F79EFBC}") = "Tests", "Tests\Tests.csproj", "{08A747C1-6402-4E47-ACE0-64D0DB4C858B}"
EndProject
Project("{2150E333-8FDC-42A3-9474-1A3956D46DE8}") = "src", "src", "{EA563663-2411-4242-BFE5-B978315E5FBB}"
EndProject
Global
	GlobalSection(SolutionConfigurationPlatforms) = preSolution
		Debug|Any CPU = Debug|Any CPU
		Release|Any CPU = Release|Any CPU
	EndGlobalSection
	GlobalSection(ProjectConfigurationPlatforms) = postSolution
		{C04E9866-CF89-4E29-AC3A-A22AC693F8DD}.Debug|Any CPU.ActiveCfg = Debug|Any CPU
		{C04E9866-CF89-4E29-AC3A-A22AC693F8DD}.Debug|Any CPU.Build.0 = Debug|Any CPU
		{C04E9866-CF89-4E29-AC3A-A22AC693F8DD}.Release|Any CPU.ActiveCfg = Release|Any CPU
		{C04E9866-CF89-4E29-AC3A-A22AC693F8DD}.Release|Any CPU.Build.0 = Release|Any CPU
		{08A747C1-6402-4E47-ACE0-64D0DB4C858B}.Debug|Any CPU.ActiveCfg = Debug|Any CPU
		{08A747C1-6402-4E47-ACE0-64D0DB4C858B}.Debug|Any CPU.Build.0 = Debug|Any CPU
		{08A747C1-6402-4E47-ACE0-64D0DB4C858B}.Release|Any CPU.ActiveCfg = Release|Any CPU
		{08A747C1-6402-4E47-ACE0-64D0DB4C858B}.Release|Any CPU.Build.0 = Release|Any CPU
	EndGlobalSection
	GlobalSection(SolutionProperties) = preSolution
		HideSolutionNode = FALSE
	EndGlobalSection
	GlobalSection(NestedProjects) = preSolution
		{C04E9866-CF89-4E29-AC3A-A22AC693F8DD} = {EA563663-2411-4242-BFE5-B978315E5FBB}
		{08A747C1-6402-4E47-ACE0-64D0DB4C858B} = {B761824D-1510-4E17-A51C-41F6DD7EF9CF}
	EndGlobalSection
	GlobalSection(ExtensibilityGlobals) = postSolution
		SolutionGuid = {41183116-D4F5-48CC-AA86-258A51CDFE9E}
	EndGlobalSection
EndGlobal
